
Microsoft Visual Studio Solution File, Format Version 12.00
# Visual Studio Version 16
VisualStudioVersion = 16.0.29728.190
MinimumVisualStudioVersion = 10.0.40219.1
Project("{FAE04EC0-301F-11D3-BF4B-00C04F79EFBC}") = "The Hound's Daily Inspirational Quote", "The Hound's Daily Inspirational Quote\The Hound's Daily Inspirational Quote.csproj", "{5C6268EC-1129-42C7-B41C-9183180F2FE0}"
EndProject
Global
	GlobalSection(SolutionConfigurationPlatforms) = preSolution
		Debug|Any CPU = Debug|Any CPU
		Release|Any CPU = Release|Any CPU
	EndGlobalSection
	GlobalSection(ProjectConfigurationPlatforms) = postSolution
		{5C6268EC-1129-42C7-B41C-9183180F2FE0}.Debug|Any CPU.ActiveCfg = Debug|Any CPU
		{5C6268EC-1129-42C7-B41C-9183180F2FE0}.Debug|Any CPU.Build.0 = Debug|Any CPU
		{5C6268EC-1129-42C7-B41C-9183180F2FE0}.Release|Any CPU.ActiveCfg = Release|Any CPU
		{5C6268EC-1129-42C7-B41C-9183180F2FE0}.Release|Any CPU.Build.0 = Release|Any CPU
	EndGlobalSection
	GlobalSection(SolutionProperties) = preSolution
		HideSolutionNode = FALSE
	EndGlobalSection
	GlobalSection(ExtensibilityGlobals) = postSolution
		SolutionGuid = {9E7C9B2B-9D90-41CB-8DF2-BAE4ED810A7E}
	EndGlobalSection
EndGlobal
